
Microsoft Visual Studio Solution File, Format Version 12.00
# Visual Studio 15
VisualStudioVersion = 15.0.28010.2036
MinimumVisualStudioVersion = 10.0.40219.1
Project("{FAE04EC0-301F-11D3-BF4B-00C04F79EFBC}") = "Client", "Client\Client.csproj", "{725C3EB9-BD1E-4F29-937B-FA826B9E8CA6}"
EndProject
Project("{FAE04EC0-301F-11D3-BF4B-00C04F79EFBC}") = "Server", "server\Server.csproj", "{1416E91E-C50D-44A9-93D8-4CC9B6A94D7F}"
EndProject
Global
	GlobalSection(SolutionConfigurationPlatforms) = preSolution
		Debug|Any CPU = Debug|Any CPU
		Release|Any CPU = Release|Any CPU
	EndGlobalSection
	GlobalSection(ProjectConfigurationPlatforms) = postSolution
		{725C3EB9-BD1E-4F29-937B-FA826B9E8CA6}.Debug|Any CPU.ActiveCfg = Debug|Any CPU
		{725C3EB9-BD1E-4F29-937B-FA826B9E8CA6}.Debug|Any CPU.Build.0 = Debug|Any CPU
		{725C3EB9-BD1E-4F29-937B-FA826B9E8CA6}.Release|Any CPU.ActiveCfg = Release|Any CPU
		{725C3EB9-BD1E-4F29-937B-FA826B9E8CA6}.Release|Any CPU.Build.0 = Release|Any CPU
		{1416E91E-C50D-44A9-93D8-4CC9B6A94D7F}.Debug|Any CPU.ActiveCfg = Debug|Any CPU
		{1416E91E-C50D-44A9-93D8-4CC9B6A94D7F}.Debug|Any CPU.Build.0 = Debug|Any CPU
		{1416E91E-C50D-44A9-93D8-4CC9B6A94D7F}.Release|Any CPU.ActiveCfg = Release|Any CPU
		{1416E91E-C50D-44A9-93D8-4CC9B6A94D7F}.Release|Any CPU.Build.0 = Release|Any CPU
	EndGlobalSection
	GlobalSection(SolutionProperties) = preSolution
		HideSolutionNode = FALSE
	EndGlobalSection
	GlobalSection(ExtensibilityGlobals) = postSolution
		SolutionGuid = {70FA2DC6-A2B8-4047-A26B-05B1CEB1A44B}
	EndGlobalSection
EndGlobal
